// !$*UTF8*$!
{
	archiveVersion = 1;
	classes = {
	};
	objectVersion = 55;
	objects = {

/* Begin PBXBuildFile section */
		B56B5DEC2721C0CB006A5524 /* AppDelegate.swift in Sources */ = {isa = PBXBuildFile; fileRef = B56B5DEB2721C0CB006A5524 /* AppDelegate.swift */; };
		B56B5DEE2721C0CC006A5524 /* SceneDelegate.swift in Sources */ = {isa = PBXBuildFile; fileRef = B56B5DED2721C0CC006A5524 /* SceneDelegate.swift */; };
		B56B5DF02721C0CC006A5524 /* ViewController.swift in Sources */ = {isa = PBXBuildFile; fileRef = B56B5DEF2721C0CC006A5524 /* ViewController.swift */; };
		B56B5DF52721C0D7006A5524 /* Assets.xcassets in Resources */ = {isa = PBXBuildFile; fileRef = B56B5DF42721C0D7006A5524 /* Assets.xcassets */; };
		B56B5DF82721C0D7006A5524 /* LaunchScreen.storyboard in Resources */ = {isa = PBXBuildFile; fileRef = B56B5DF62721C0D7006A5524 /* LaunchScreen.storyboard */; };
		B56B5E2827223C1B006A5524 /* SpaceService.swift in Sources */ = {isa = PBXBuildFile; fileRef = B56B5E2727223C1B006A5524 /* SpaceService.swift */; };
		B56B5E2A27225202006A5524 /* Rockets.json in Resources */ = {isa = PBXBuildFile; fileRef = B56B5E2927225202006A5524 /* Rockets.json */; };
		B56B5E2D27225C10006A5524 /* Rocket.swift in Sources */ = {isa = PBXBuildFile; fileRef = B56B5E2C27225C10006A5524 /* Rocket.swift */; };
		B5D360952722852400F033DA /* RocketsViewController.swift in Sources */ = {isa = PBXBuildFile; fileRef = B5D360942722852400F033DA /* RocketsViewController.swift */; };
		B5D360972722F5EC00F033DA /* RocketsPresenter.swift in Sources */ = {isa = PBXBuildFile; fileRef = B5D360962722F5EC00F033DA /* RocketsPresenter.swift */; };
		B5D3609A2722FFED00F033DA /* RocketPickerViewController.swift in Sources */ = {isa = PBXBuildFile; fileRef = B5D360992722FFED00F033DA /* RocketPickerViewController.swift */; };
		B5D3609C2723003200F033DA /* RocketPicketPresenter.swift in Sources */ = {isa = PBXBuildFile; fileRef = B5D3609B2723003200F033DA /* RocketPicketPresenter.swift */; };
		B5D360A02723067500F033DA /* RocketInfoViewController.swift in Sources */ = {isa = PBXBuildFile; fileRef = B5D3609F2723067500F033DA /* RocketInfoViewController.swift */; };
		B5D360A22723069000F033DA /* RocketInfoPresenter.swift in Sources */ = {isa = PBXBuildFile; fileRef = B5D360A12723069000F033DA /* RocketInfoPresenter.swift */; };
/* End PBXBuildFile section */

/* Begin PBXFileReference section */
		B56B5DE82721C0CB006A5524 /* SpaceX.app */ = {isa = PBXFileReference; explicitFileType = wrapper.application; includeInIndex = 0; path = SpaceX.app; sourceTree = BUILT_PRODUCTS_DIR; };
		B56B5DEB2721C0CB006A5524 /* AppDelegate.swift */ = {isa = PBXFileReference; lastKnownFileType = sourcecode.swift; path = AppDelegate.swift; sourceTree = "<group>"; };
		B56B5DED2721C0CC006A5524 /* SceneDelegate.swift */ = {isa = PBXFileReference; lastKnownFileType = sourcecode.swift; path = SceneDelegate.swift; sourceTree = "<group>"; };
		B56B5DEF2721C0CC006A5524 /* ViewController.swift */ = {isa = PBXFileReference; lastKnownFileType = sourcecode.swift; path = ViewController.swift; sourceTree = "<group>"; };
		B56B5DF42721C0D7006A5524 /* Assets.xcassets */ = {isa = PBXFileReference; lastKnownFileType = folder.assetcatalog; path = Assets.xcassets; sourceTree = "<group>"; };
		B56B5DF72721C0D7006A5524 /* Base */ = {isa = PBXFileReference; lastKnownFileType = file.storyboard; name = Base; path = Base.lproj/LaunchScreen.storyboard; sourceTree = "<group>"; };
		B56B5DF92721C0D7006A5524 /* Info.plist */ = {isa = PBXFileReference; lastKnownFileType = text.plist.xml; path = Info.plist; sourceTree = "<group>"; };
		B56B5E2727223C1B006A5524 /* SpaceService.swift */ = {isa = PBXFileReference; lastKnownFileType = sourcecode.swift; path = SpaceService.swift; sourceTree = "<group>"; };
		B56B5E2927225202006A5524 /* Rockets.json */ = {isa = PBXFileReference; fileEncoding = 4; lastKnownFileType = text.json; path = Rockets.json; sourceTree = "<group>"; };
		B56B5E2C27225C10006A5524 /* Rocket.swift */ = {isa = PBXFileReference; lastKnownFileType = sourcecode.swift; path = Rocket.swift; sourceTree = "<group>"; };
		B5D360942722852400F033DA /* RocketsViewController.swift */ = {isa = PBXFileReference; lastKnownFileType = sourcecode.swift; path = RocketsViewController.swift; sourceTree = "<group>"; };
		B5D360962722F5EC00F033DA /* RocketsPresenter.swift */ = {isa = PBXFileReference; lastKnownFileType = sourcecode.swift; path = RocketsPresenter.swift; sourceTree = "<group>"; };
		B5D360992722FFED00F033DA /* RocketPickerViewController.swift */ = {isa = PBXFileReference; lastKnownFileType = sourcecode.swift; path = RocketPickerViewController.swift; sourceTree = "<group>"; };
		B5D3609B2723003200F033DA /* RocketPicketPresenter.swift */ = {isa = PBXFileReference; lastKnownFileType = sourcecode.swift; path = RocketPicketPresenter.swift; sourceTree = "<group>"; };
		B5D3609F2723067500F033DA /* RocketInfoViewController.swift */ = {isa = PBXFileReference; lastKnownFileType = sourcecode.swift; path = RocketInfoViewController.swift; sourceTree = "<group>"; };
		B5D360A12723069000F033DA /* RocketInfoPresenter.swift */ = {isa = PBXFileReference; lastKnownFileType = sourcecode.swift; path = RocketInfoPresenter.swift; sourceTree = "<group>"; };
/* End PBXFileReference section */

/* Begin PBXFrameworksBuildPhase section */
		B56B5DE52721C0CB006A5524 /* Frameworks */ = {
			isa = PBXFrameworksBuildPhase;
			buildActionMask = 2147483647;
			files = (
			);
			runOnlyForDeploymentPostprocessing = 0;
		};
/* End PBXFrameworksBuildPhase section */

/* Begin PBXGroup section */
		B56B5DDF2721C0CB006A5524 = {
			isa = PBXGroup;
			children = (
				B56B5DEA2721C0CB006A5524 /* SpaceX */,
				B56B5DE92721C0CB006A5524 /* Products */,
			);
			sourceTree = "<group>";
		};
		B56B5DE92721C0CB006A5524 /* Products */ = {
			isa = PBXGroup;
			children = (
				B56B5DE82721C0CB006A5524 /* SpaceX.app */,
			);
			name = Products;
			sourceTree = "<group>";
		};
		B56B5DEA2721C0CB006A5524 /* SpaceX */ = {
			isa = PBXGroup;
			children = (
				B56B5E23272205C7006A5524 /* Application */,
				B56B5E2627223C09006A5524 /* Services */,
				B56B5E25272205DA006A5524 /* Screens */,
				B56B5E2B27225BFE006A5524 /* Model */,
				B56B5E24272205CB006A5524 /* Resources */,
			);
			path = SpaceX;
			sourceTree = "<group>";
		};
		B56B5E23272205C7006A5524 /* Application */ = {
			isa = PBXGroup;
			children = (
				B56B5DEB2721C0CB006A5524 /* AppDelegate.swift */,
				B56B5DED2721C0CC006A5524 /* SceneDelegate.swift */,
				B56B5DF62721C0D7006A5524 /* LaunchScreen.storyboard */,
			);
			path = Application;
			sourceTree = "<group>";
		};
		B56B5E24272205CB006A5524 /* Resources */ = {
			isa = PBXGroup;
			children = (
				B56B5DF92721C0D7006A5524 /* Info.plist */,
				B56B5DF42721C0D7006A5524 /* Assets.xcassets */,
			);
			path = Resources;
			sourceTree = "<group>";
		};
		B56B5E25272205DA006A5524 /* Screens */ = {
			isa = PBXGroup;
			children = (
				B5D360932722851100F033DA /* Rockets */,
				B56B5DEF2721C0CC006A5524 /* ViewController.swift */,
			);
			path = Screens;
			sourceTree = "<group>";
		};
		B56B5E2627223C09006A5524 /* Services */ = {
			isa = PBXGroup;
			children = (
				B56B5E2927225202006A5524 /* Rockets.json */,
				B56B5E2727223C1B006A5524 /* SpaceService.swift */,
			);
			path = Services;
			sourceTree = "<group>";
		};
		B56B5E2B27225BFE006A5524 /* Model */ = {
			isa = PBXGroup;
			children = (
				B56B5E2C27225C10006A5524 /* Rocket.swift */,
			);
			path = Model;
			sourceTree = "<group>";
		};
		B5D360932722851100F033DA /* Rockets */ = {
			isa = PBXGroup;
			children = (
				B5D3609D2723065200F033DA /* RocketPicker */,
				B5D3609E2723066200F033DA /* RocketInfo */,
				B5D360942722852400F033DA /* RocketsViewController.swift */,
				B5D360962722F5EC00F033DA /* RocketsPresenter.swift */,
			);
			path = Rockets;
			sourceTree = "<group>";
		};
		B5D3609D2723065200F033DA /* RocketPicker */ = {
			isa = PBXGroup;
			children = (
				B5D360992722FFED00F033DA /* RocketPickerViewController.swift */,
				B5D3609B2723003200F033DA /* RocketPicketPresenter.swift */,
			);
			path = RocketPicker;
			sourceTree = "<group>";
		};
		B5D3609E2723066200F033DA /* RocketInfo */ = {
			isa = PBXGroup;
			children = (
				B5D3609F2723067500F033DA /* RocketInfoViewController.swift */,
				B5D360A12723069000F033DA /* RocketInfoPresenter.swift */,
			);
			path = RocketInfo;
			sourceTree = "<group>";
		};
/* End PBXGroup section */

/* Begin PBXNativeTarget section */
		B56B5DE72721C0CB006A5524 /* SpaceX */ = {
			isa = PBXNativeTarget;
			buildConfigurationList = B56B5DFC2721C0D7006A5524 /* Build configuration list for PBXNativeTarget "SpaceX" */;
			buildPhases = (
				B56B5DE42721C0CB006A5524 /* Sources */,
				B56B5DE52721C0CB006A5524 /* Frameworks */,
				B56B5DE62721C0CB006A5524 /* Resources */,
			);
			buildRules = (
			);
			dependencies = (
			);
			name = SpaceX;
			productName = SpaceX;
			productReference = B56B5DE82721C0CB006A5524 /* SpaceX.app */;
			productType = "com.apple.product-type.application";
		};
/* End PBXNativeTarget section */

/* Begin PBXProject section */
		B56B5DE02721C0CB006A5524 /* Project object */ = {
			isa = PBXProject;
			attributes = {
				BuildIndependentTargetsInParallel = 1;
				LastSwiftUpdateCheck = 1300;
				LastUpgradeCheck = 1300;
				TargetAttributes = {
					B56B5DE72721C0CB006A5524 = {
						CreatedOnToolsVersion = 13.0;
					};
				};
			};
			buildConfigurationList = B56B5DE32721C0CB006A5524 /* Build configuration list for PBXProject "SpaceX" */;
			compatibilityVersion = "Xcode 13.0";
			developmentRegion = en;
			hasScannedForEncodings = 0;
			knownRegions = (
				en,
				Base,
			);
			mainGroup = B56B5DDF2721C0CB006A5524;
			productRefGroup = B56B5DE92721C0CB006A5524 /* Products */;
			projectDirPath = "";
			projectRoot = "";
			targets = (
				B56B5DE72721C0CB006A5524 /* SpaceX */,
			);
		};
/* End PBXProject section */

/* Begin PBXResourcesBuildPhase section */
		B56B5DE62721C0CB006A5524 /* Resources */ = {
			isa = PBXResourcesBuildPhase;
			buildActionMask = 2147483647;
			files = (
				B56B5DF82721C0D7006A5524 /* LaunchScreen.storyboard in Resources */,
				B56B5E2A27225202006A5524 /* Rockets.json in Resources */,
				B56B5DF52721C0D7006A5524 /* Assets.xcassets in Resources */,
			);
			runOnlyForDeploymentPostprocessing = 0;
		};
/* End PBXResourcesBuildPhase section */

/* Begin PBXSourcesBuildPhase section */
		B56B5DE42721C0CB006A5524 /* Sources */ = {
			isa = PBXSourcesBuildPhase;
			buildActionMask = 2147483647;
			files = (
				B5D3609A2722FFED00F033DA /* RocketPickerViewController.swift in Sources */,
				B5D360A22723069000F033DA /* RocketInfoPresenter.swift in Sources */,
				B5D360952722852400F033DA /* RocketsViewController.swift in Sources */,
				B56B5DF02721C0CC006A5524 /* ViewController.swift in Sources */,
				B5D360972722F5EC00F033DA /* RocketsPresenter.swift in Sources */,
				B5D360A02723067500F033DA /* RocketInfoViewController.swift in Sources */,
				B5D3609C2723003200F033DA /* RocketPicketPresenter.swift in Sources */,
				B56B5DEC2721C0CB006A5524 /* AppDelegate.swift in Sources */,
				B56B5E2827223C1B006A5524 /* SpaceService.swift in Sources */,
				B56B5E2D27225C10006A5524 /* Rocket.swift in Sources */,
				B56B5DEE2721C0CC006A5524 /* SceneDelegate.swift in Sources */,
			);
			runOnlyForDeploymentPostprocessing = 0;
		};
/* End PBXSourcesBuildPhase section */

/* Begin PBXVariantGroup section */
		B56B5DF62721C0D7006A5524 /* LaunchScreen.storyboard */ = {
			isa = PBXVariantGroup;
			children = (
				B56B5DF72721C0D7006A5524 /* Base */,
			);
			name = LaunchScreen.storyboard;
			sourceTree = "<group>";
		};
/* End PBXVariantGroup section */

/* Begin XCBuildConfiguration section */
		B56B5DFA2721C0D7006A5524 /* Debug */ = {
			isa = XCBuildConfiguration;
			buildSettings = {
				ALWAYS_SEARCH_USER_PATHS = NO;
				CLANG_ANALYZER_NONNULL = YES;
				CLANG_ANALYZER_NUMBER_OBJECT_CONVERSION = YES_AGGRESSIVE;
				CLANG_CXX_LANGUAGE_STANDARD = "gnu++17";
				CLANG_CXX_LIBRARY = "libc++";
				CLANG_ENABLE_MODULES = YES;
				CLANG_ENABLE_OBJC_ARC = YES;
				CLANG_ENABLE_OBJC_WEAK = YES;
				CLANG_WARN_BLOCK_CAPTURE_AUTORELEASING = YES;
				CLANG_WARN_BOOL_CONVERSION = YES;
				CLANG_WARN_COMMA = YES;
				CLANG_WARN_CONSTANT_CONVERSION = YES;
				CLANG_WARN_DEPRECATED_OBJC_IMPLEMENTATIONS = YES;
				CLANG_WARN_DIRECT_OBJC_ISA_USAGE = YES_ERROR;
				CLANG_WARN_DOCUMENTATION_COMMENTS = YES;
				CLANG_WARN_EMPTY_BODY = YES;
				CLANG_WARN_ENUM_CONVERSION = YES;
				CLANG_WARN_INFINITE_RECURSION = YES;
				CLANG_WARN_INT_CONVERSION = YES;
				CLANG_WARN_NON_LITERAL_NULL_CONVERSION = YES;
				CLANG_WARN_OBJC_IMPLICIT_RETAIN_SELF = YES;
				CLANG_WARN_OBJC_LITERAL_CONVERSION = YES;
				CLANG_WARN_OBJC_ROOT_CLASS = YES_ERROR;
				CLANG_WARN_QUOTED_INCLUDE_IN_FRAMEWORK_HEADER = YES;
				CLANG_WARN_RANGE_LOOP_ANALYSIS = YES;
				CLANG_WARN_STRICT_PROTOTYPES = YES;
				CLANG_WARN_SUSPICIOUS_MOVE = YES;
				CLANG_WARN_UNGUARDED_AVAILABILITY = YES_AGGRESSIVE;
				CLANG_WARN_UNREACHABLE_CODE = YES;
				CLANG_WARN__DUPLICATE_METHOD_MATCH = YES;
				COPY_PHASE_STRIP = NO;
				DEBUG_INFORMATION_FORMAT = dwarf;
				ENABLE_STRICT_OBJC_MSGSEND = YES;
				ENABLE_TESTABILITY = YES;
				GCC_C_LANGUAGE_STANDARD = gnu11;
				GCC_DYNAMIC_NO_PIC = NO;
				GCC_NO_COMMON_BLOCKS = YES;
				GCC_OPTIMIZATION_LEVEL = 0;
				GCC_PREPROCESSOR_DEFINITIONS = (
					"DEBUG=1",
					"$(inherited)",
				);
				GCC_WARN_64_TO_32_BIT_CONVERSION = YES;
				GCC_WARN_ABOUT_RETURN_TYPE = YES_ERROR;
				GCC_WARN_UNDECLARED_SELECTOR = YES;
				GCC_WARN_UNINITIALIZED_AUTOS = YES_AGGRESSIVE;
				GCC_WARN_UNUSED_FUNCTION = YES;
				GCC_WARN_UNUSED_VARIABLE = YES;
				IPHONEOS_DEPLOYMENT_TARGET = 12.0;
				MTL_ENABLE_DEBUG_INFO = INCLUDE_SOURCE;
				MTL_FAST_MATH = YES;
				ONLY_ACTIVE_ARCH = YES;
				SDKROOT = iphoneos;
				SWIFT_ACTIVE_COMPILATION_CONDITIONS = DEBUG;
				SWIFT_OPTIMIZATION_LEVEL = "-Onone";
			};
			name = Debug;
		};
		B56B5DFB2721C0D7006A5524 /* Release */ = {
			isa = XCBuildConfiguration;
			buildSettings = {
				ALWAYS_SEARCH_USER_PATHS = NO;
				CLANG_ANALYZER_NONNULL = YES;
				CLANG_ANALYZER_NUMBER_OBJECT_CONVERSION = YES_AGGRESSIVE;
				CLANG_CXX_LANGUAGE_STANDARD = "gnu++17";
				CLANG_CXX_LIBRARY = "libc++";
				CLANG_ENABLE_MODULES = YES;
				CLANG_ENABLE_OBJC_ARC = YES;
				CLANG_ENABLE_OBJC_WEAK = YES;
				CLANG_WARN_BLOCK_CAPTURE_AUTORELEASING = YES;
				CLANG_WARN_BOOL_CONVERSION = YES;
				CLANG_WARN_COMMA = YES;
				CLANG_WARN_CONSTANT_CONVERSION = YES;
				CLANG_WARN_DEPRECATED_OBJC_IMPLEMENTATIONS = YES;
				CLANG_WARN_DIRECT_OBJC_ISA_USAGE = YES_ERROR;
				CLANG_WARN_DOCUMENTATION_COMMENTS = YES;
				CLANG_WARN_EMPTY_BODY = YES;
				CLANG_WARN_ENUM_CONVERSION = YES;
				CLANG_WARN_INFINITE_RECURSION = YES;
				CLANG_WARN_INT_CONVERSION = YES;
				CLANG_WARN_NON_LITERAL_NULL_CONVERSION = YES;
				CLANG_WARN_OBJC_IMPLICIT_RETAIN_SELF = YES;
				CLANG_WARN_OBJC_LITERAL_CONVERSION = YES;
				CLANG_WARN_OBJC_ROOT_CLASS = YES_ERROR;
				CLANG_WARN_QUOTED_INCLUDE_IN_FRAMEWORK_HEADER = YES;
				CLANG_WARN_RANGE_LOOP_ANALYSIS = YES;
				CLANG_WARN_STRICT_PROTOTYPES = YES;
				CLANG_WARN_SUSPICIOUS_MOVE = YES;
				CLANG_WARN_UNGUARDED_AVAILABILITY = YES_AGGRESSIVE;
				CLANG_WARN_UNREACHABLE_CODE = YES;
				CLANG_WARN__DUPLICATE_METHOD_MATCH = YES;
				COPY_PHASE_STRIP = NO;
				DEBUG_INFORMATION_FORMAT = "dwarf-with-dsym";
				ENABLE_NS_ASSERTIONS = NO;
				ENABLE_STRICT_OBJC_MSGSEND = YES;
				GCC_C_LANGUAGE_STANDARD = gnu11;
				GCC_NO_COMMON_BLOCKS = YES;
				GCC_WARN_64_TO_32_BIT_CONVERSION = YES;
				GCC_WARN_ABOUT_RETURN_TYPE = YES_ERROR;
				GCC_WARN_UNDECLARED_SELECTOR = YES;
				GCC_WARN_UNINITIALIZED_AUTOS = YES_AGGRESSIVE;
				GCC_WARN_UNUSED_FUNCTION = YES;
				GCC_WARN_UNUSED_VARIABLE = YES;
				IPHONEOS_DEPLOYMENT_TARGET = 12.0;
				MTL_ENABLE_DEBUG_INFO = NO;
				MTL_FAST_MATH = YES;
				SDKROOT = iphoneos;
				SWIFT_COMPILATION_MODE = wholemodule;
				SWIFT_OPTIMIZATION_LEVEL = "-O";
				VALIDATE_PRODUCT = YES;
			};
			name = Release;
		};
		B56B5DFD2721C0D7006A5524 /* Debug */ = {
			isa = XCBuildConfiguration;
			buildSettings = {
				ASSETCATALOG_COMPILER_APPICON_NAME = AppIcon;
				ASSETCATALOG_COMPILER_GLOBAL_ACCENT_COLOR_NAME = AccentColor;
				CODE_SIGN_STYLE = Automatic;
				CURRENT_PROJECT_VERSION = 1;
				DEVELOPMENT_TEAM = JSV24Z5UNP;
				GENERATE_INFOPLIST_FILE = YES;
				INFOPLIST_FILE = SpaceX/Resources/Info.plist;
				INFOPLIST_KEY_UIApplicationSupportsIndirectInputEvents = YES;
				INFOPLIST_KEY_UILaunchStoryboardName = LaunchScreen;
				INFOPLIST_KEY_UISupportedInterfaceOrientations_iPad = "UIInterfaceOrientationPortrait UIInterfaceOrientationPortraitUpsideDown UIInterfaceOrientationLandscapeLeft UIInterfaceOrientationLandscapeRight";
				INFOPLIST_KEY_UISupportedInterfaceOrientations_iPhone = "UIInterfaceOrientationPortrait UIInterfaceOrientationLandscapeLeft UIInterfaceOrientationLandscapeRight";
				LD_RUNPATH_SEARCH_PATHS = (
					"$(inherited)",
					"@executable_path/Frameworks",
				);
				MARKETING_VERSION = 1.0;
				PRODUCT_BUNDLE_IDENTIFIER = mzh.SpaceX;
				PRODUCT_NAME = "$(TARGET_NAME)";
				SWIFT_EMIT_LOC_STRINGS = YES;
				SWIFT_VERSION = 5.0;
				TARGETED_DEVICE_FAMILY = "1,2";
			};
			name = Debug;
		};
		B56B5DFE2721C0D7006A5524 /* Release */ = {
			isa = XCBuildConfiguration;
			buildSettings = {
				ASSETCATALOG_COMPILER_APPICON_NAME = AppIcon;
				ASSETCATALOG_COMPILER_GLOBAL_ACCENT_COLOR_NAME = AccentColor;
				CODE_SIGN_STYLE = Automatic;
				CURRENT_PROJECT_VERSION = 1;
				DEVELOPMENT_TEAM = JSV24Z5UNP;
				GENERATE_INFOPLIST_FILE = YES;
				INFOPLIST_FILE = SpaceX/Resources/Info.plist;
				INFOPLIST_KEY_UIApplicationSupportsIndirectInputEvents = YES;
				INFOPLIST_KEY_UILaunchStoryboardName = LaunchScreen;
				INFOPLIST_KEY_UISupportedInterfaceOrientations_iPad = "UIInterfaceOrientationPortrait UIInterfaceOrientationPortraitUpsideDown UIInterfaceOrientationLandscapeLeft UIInterfaceOrientationLandscapeRight";
				INFOPLIST_KEY_UISupportedInterfaceOrientations_iPhone = "UIInterfaceOrientationPortrait UIInterfaceOrientationLandscapeLeft UIInterfaceOrientationLandscapeRight";
				LD_RUNPATH_SEARCH_PATHS = (
					"$(inherited)",
					"@executable_path/Frameworks",
				);
				MARKETING_VERSION = 1.0;
				PRODUCT_BUNDLE_IDENTIFIER = mzh.SpaceX;
				PRODUCT_NAME = "$(TARGET_NAME)";
				SWIFT_EMIT_LOC_STRINGS = YES;
				SWIFT_VERSION = 5.0;
				TARGETED_DEVICE_FAMILY = "1,2";
			};
			name = Release;
		};
/* End XCBuildConfiguration section */

/* Begin XCConfigurationList section */
		B56B5DE32721C0CB006A5524 /* Build configuration list for PBXProject "SpaceX" */ = {
			isa = XCConfigurationList;
			buildConfigurations = (
				B56B5DFA2721C0D7006A5524 /* Debug */,
				B56B5DFB2721C0D7006A5524 /* Release */,
			);
			defaultConfigurationIsVisible = 0;
			defaultConfigurationName = Release;
		};
		B56B5DFC2721C0D7006A5524 /* Build configuration list for PBXNativeTarget "SpaceX" */ = {
			isa = XCConfigurationList;
			buildConfigurations = (
				B56B5DFD2721C0D7006A5524 /* Debug */,
				B56B5DFE2721C0D7006A5524 /* Release */,
			);
			defaultConfigurationIsVisible = 0;
			defaultConfigurationName = Release;
		};
/* End XCConfigurationList section */
	};
	rootObject = B56B5DE02721C0CB006A5524 /* Project object */;
}
