// !$*UTF8*$!
{
	archiveVersion = 1;
	classes = {
	};
	objectVersion = 55;
	objects = {

/* Begin PBXBuildFile section */
		B510153327467F09008084F5 /* ValueView.swift in Sources */ = {isa = PBXBuildFile; fileRef = B510153227467F09008084F5 /* ValueView.swift */; };
		B510153727467FFF008084F5 /* MeasurementUnit.swift in Sources */ = {isa = PBXBuildFile; fileRef = B510153627467FFF008084F5 /* MeasurementUnit.swift */; };
		B516EB03272A1283007E1F65 /* SpaceSDK in Frameworks */ = {isa = PBXBuildFile; productRef = B516EB02272A1283007E1F65 /* SpaceSDK */; };
		B516EB2F272A302A007E1F65 /* XCSpaceXSDK.h in Headers */ = {isa = PBXBuildFile; fileRef = B516EB2E272A302A007E1F65 /* XCSpaceXSDK.h */; settings = {ATTRIBUTES = (Public, ); }; };
		B516EB32272A302A007E1F65 /* XCSpaceXSDK.framework in Frameworks */ = {isa = PBXBuildFile; fileRef = B516EB2C272A302A007E1F65 /* XCSpaceXSDK.framework */; };
		B516EB33272A302A007E1F65 /* XCSpaceXSDK.framework in Embed Frameworks */ = {isa = PBXBuildFile; fileRef = B516EB2C272A302A007E1F65 /* XCSpaceXSDK.framework */; settings = {ATTRIBUTES = (CodeSignOnCopy, RemoveHeadersOnCopy, ); }; };
		B5201ECF2741A64300C6194E /* EquipmentsType.swift in Sources */ = {isa = PBXBuildFile; fileRef = B5201ECE2741A64300C6194E /* EquipmentsType.swift */; };
		B56B5DEC2721C0CB006A5524 /* AppDelegate.swift in Sources */ = {isa = PBXBuildFile; fileRef = B56B5DEB2721C0CB006A5524 /* AppDelegate.swift */; };
		B56B5DEE2721C0CC006A5524 /* SceneDelegate.swift in Sources */ = {isa = PBXBuildFile; fileRef = B56B5DED2721C0CC006A5524 /* SceneDelegate.swift */; };
		B56B5DF52721C0D7006A5524 /* Assets.xcassets in Resources */ = {isa = PBXBuildFile; fileRef = B56B5DF42721C0D7006A5524 /* Assets.xcassets */; };
		B56B5DF82721C0D7006A5524 /* LaunchScreen.storyboard in Resources */ = {isa = PBXBuildFile; fileRef = B56B5DF62721C0D7006A5524 /* LaunchScreen.storyboard */; };
		B57274132741D29E00CD534F /* dragon.json in Resources */ = {isa = PBXBuildFile; fileRef = B57274122741D29E00CD534F /* dragon.json */; };
		B572741927452F9000CD534F /* EquipmentDetailViewController.swift in Sources */ = {isa = PBXBuildFile; fileRef = B572741827452F9000CD534F /* EquipmentDetailViewController.swift */; };
		B572741B27452FB200CD534F /* EquipmentDetailPresenter.swift in Sources */ = {isa = PBXBuildFile; fileRef = B572741A27452FB200CD534F /* EquipmentDetailPresenter.swift */; };
		B58E2CA027460947002D6D10 /* EquipmentElements.swift in Sources */ = {isa = PBXBuildFile; fileRef = B58E2C9F27460947002D6D10 /* EquipmentElements.swift */; };
		B58E2CA427460A4A002D6D10 /* StageView.swift in Sources */ = {isa = PBXBuildFile; fileRef = B58E2CA327460A4A002D6D10 /* StageView.swift */; };
		B58E2CA62746700F002D6D10 /* StageRowWithOneValue.swift in Sources */ = {isa = PBXBuildFile; fileRef = B58E2CA52746700F002D6D10 /* StageRowWithOneValue.swift */; };
		B58F9F4B2728FA53007B8849 /* DateFormatters.swift in Sources */ = {isa = PBXBuildFile; fileRef = B58F9F4A2728FA53007B8849 /* DateFormatters.swift */; };
		B5AB5A3227238E520015CEA4 /* PickerCollectionCell.swift in Sources */ = {isa = PBXBuildFile; fileRef = B5AB5A3127238E520015CEA4 /* PickerCollectionCell.swift */; };
		B5AB5A35272390800015CEA4 /* Colors.swift in Sources */ = {isa = PBXBuildFile; fileRef = B5AB5A34272390800015CEA4 /* Colors.swift */; };
		B5BF66D9273CB8290024E2F4 /* Gallery in Frameworks */ = {isa = PBXBuildFile; productRef = B5BF66D8273CB8290024E2F4 /* Gallery */; };
		B5C162262746CFE100CC2B08 /* StageRowWithTwoValues.swift in Sources */ = {isa = PBXBuildFile; fileRef = B5C162252746CFE100CC2B08 /* StageRowWithTwoValues.swift */; };
		B5C1622927470FA100CC2B08 /* StageSelector.swift in Sources */ = {isa = PBXBuildFile; fileRef = B5C1622827470FA100CC2B08 /* StageSelector.swift */; };
		B5C1622B274742C300CC2B08 /* StageProperty.swift in Sources */ = {isa = PBXBuildFile; fileRef = B5C1622A274742C300CC2B08 /* StageProperty.swift */; };
		B5C1622D2747516000CC2B08 /* StageGallery.swift in Sources */ = {isa = PBXBuildFile; fileRef = B5C1622C2747516000CC2B08 /* StageGallery.swift */; };
		B5C1CD96273E0DAD00ED2691 /* LaunchesViewController.swift in Sources */ = {isa = PBXBuildFile; fileRef = B5C1CD95273E0DAD00ED2691 /* LaunchesViewController.swift */; };
		B5C1CD98273E0DB500ED2691 /* LaunchesPresenter.swift in Sources */ = {isa = PBXBuildFile; fileRef = B5C1CD97273E0DB500ED2691 /* LaunchesPresenter.swift */; };
		B5C1CDC7273EAAF600ED2691 /* Date+Extension.swift in Sources */ = {isa = PBXBuildFile; fileRef = B5C1CDC6273EAAF600ED2691 /* Date+Extension.swift */; };
		B5C1CDCA273EE81B00ED2691 /* FutureLaunchCell.swift in Sources */ = {isa = PBXBuildFile; fileRef = B5C1CDC9273EE81B00ED2691 /* FutureLaunchCell.swift */; };
		B5C1CDD32740433C00ED2691 /* LaunchDelegate.swift in Sources */ = {isa = PBXBuildFile; fileRef = B5C1CDD22740433C00ED2691 /* LaunchDelegate.swift */; };
		B5C1CDD52740606800ED2691 /* OldLaunchCell.swift in Sources */ = {isa = PBXBuildFile; fileRef = B5C1CDD42740606800ED2691 /* OldLaunchCell.swift */; };
		B5C1CDDA27406C7D00ED2691 /* EquipmentsViewController.swift in Sources */ = {isa = PBXBuildFile; fileRef = B5C1CDD927406C7D00ED2691 /* EquipmentsViewController.swift */; };
		B5C1CDDC27406C8800ED2691 /* EquipmentsPresenter.swift in Sources */ = {isa = PBXBuildFile; fileRef = B5C1CDDB27406C8800ED2691 /* EquipmentsPresenter.swift */; };
		B5C1CDDE2740835E00ED2691 /* EquipmentCell.swift in Sources */ = {isa = PBXBuildFile; fileRef = B5C1CDDD2740835E00ED2691 /* EquipmentCell.swift */; };
		B5C1CDE1274084B600ED2691 /* Equipment.swift in Sources */ = {isa = PBXBuildFile; fileRef = B5C1CDE0274084B600ED2691 /* Equipment.swift */; };
		B5D3609A2722FFED00F033DA /* PickerViewController.swift in Sources */ = {isa = PBXBuildFile; fileRef = B5D360992722FFED00F033DA /* PickerViewController.swift */; };
		B5D360A82723141500F033DA /* Factory.swift in Sources */ = {isa = PBXBuildFile; fileRef = B5D360A72723141500F033DA /* Factory.swift */; };
		B5FB3B272747E29E008BD440 /* DescriptionRow.swift in Sources */ = {isa = PBXBuildFile; fileRef = B5FB3B262747E29E008BD440 /* DescriptionRow.swift */; };
		B5FB3B2B2747E4F7008BD440 /* ActiveStateView.swift in Sources */ = {isa = PBXBuildFile; fileRef = B5FB3B2A2747E4F7008BD440 /* ActiveStateView.swift */; };
		B5FB3B2D2747E671008BD440 /* EquipmentHeaderRow.swift in Sources */ = {isa = PBXBuildFile; fileRef = B5FB3B2C2747E671008BD440 /* EquipmentHeaderRow.swift */; };
		B5FD83532749ECE0005B15BD /* LaunchHeaderView.swift in Sources */ = {isa = PBXBuildFile; fileRef = B5FD83522749ECE0005B15BD /* LaunchHeaderView.swift */; };
		B5FF045D272BA74200C1D103 /* Collection+Extension.swift in Sources */ = {isa = PBXBuildFile; fileRef = B5FF045C272BA74200C1D103 /* Collection+Extension.swift */; };
		B5FF045F272BA77800C1D103 /* UIViewController+Extension.swift in Sources */ = {isa = PBXBuildFile; fileRef = B5FF045E272BA77800C1D103 /* UIViewController+Extension.swift */; };
/* End PBXBuildFile section */

/* Begin PBXContainerItemProxy section */
		B516EB30272A302A007E1F65 /* PBXContainerItemProxy */ = {
			isa = PBXContainerItemProxy;
			containerPortal = B56B5DE02721C0CB006A5524 /* Project object */;
			proxyType = 1;
			remoteGlobalIDString = B516EB2B272A302A007E1F65;
			remoteInfo = XCSpaceXSDK;
		};
/* End PBXContainerItemProxy section */

/* Begin PBXCopyFilesBuildPhase section */
		B516EB23272A2F9F007E1F65 /* Embed Frameworks */ = {
			isa = PBXCopyFilesBuildPhase;
			buildActionMask = 2147483647;
			dstPath = "";
			dstSubfolderSpec = 10;
			files = (
				B516EB33272A302A007E1F65 /* XCSpaceXSDK.framework in Embed Frameworks */,
			);
			name = "Embed Frameworks";
			runOnlyForDeploymentPostprocessing = 0;
		};
/* End PBXCopyFilesBuildPhase section */

/* Begin PBXFileReference section */
		B510153227467F09008084F5 /* ValueView.swift */ = {isa = PBXFileReference; lastKnownFileType = sourcecode.swift; path = ValueView.swift; sourceTree = "<group>"; };
		B510153627467FFF008084F5 /* MeasurementUnit.swift */ = {isa = PBXFileReference; lastKnownFileType = sourcecode.swift; path = MeasurementUnit.swift; sourceTree = "<group>"; };
		B516EB00272A1180007E1F65 /* SpaceSDK */ = {isa = PBXFileReference; lastKnownFileType = folder; path = SpaceSDK; sourceTree = "<group>"; };
		B516EB2C272A302A007E1F65 /* XCSpaceXSDK.framework */ = {isa = PBXFileReference; explicitFileType = wrapper.framework; includeInIndex = 0; path = XCSpaceXSDK.framework; sourceTree = BUILT_PRODUCTS_DIR; };
		B516EB2E272A302A007E1F65 /* XCSpaceXSDK.h */ = {isa = PBXFileReference; lastKnownFileType = sourcecode.c.h; path = XCSpaceXSDK.h; sourceTree = "<group>"; };
		B5201ECE2741A64300C6194E /* EquipmentsType.swift */ = {isa = PBXFileReference; lastKnownFileType = sourcecode.swift; path = EquipmentsType.swift; sourceTree = "<group>"; };
		B56B5DE82721C0CB006A5524 /* SpaceX.app */ = {isa = PBXFileReference; explicitFileType = wrapper.application; includeInIndex = 0; path = SpaceX.app; sourceTree = BUILT_PRODUCTS_DIR; };
		B56B5DEB2721C0CB006A5524 /* AppDelegate.swift */ = {isa = PBXFileReference; lastKnownFileType = sourcecode.swift; path = AppDelegate.swift; sourceTree = "<group>"; };
		B56B5DED2721C0CC006A5524 /* SceneDelegate.swift */ = {isa = PBXFileReference; lastKnownFileType = sourcecode.swift; path = SceneDelegate.swift; sourceTree = "<group>"; };
		B56B5DF42721C0D7006A5524 /* Assets.xcassets */ = {isa = PBXFileReference; lastKnownFileType = folder.assetcatalog; path = Assets.xcassets; sourceTree = "<group>"; };
		B56B5DF72721C0D7006A5524 /* Base */ = {isa = PBXFileReference; lastKnownFileType = file.storyboard; name = Base; path = Base.lproj/LaunchScreen.storyboard; sourceTree = "<group>"; };
		B56B5DF92721C0D7006A5524 /* Info.plist */ = {isa = PBXFileReference; lastKnownFileType = text.plist.xml; path = Info.plist; sourceTree = "<group>"; };
		B57274122741D29E00CD534F /* dragon.json */ = {isa = PBXFileReference; lastKnownFileType = text.json; path = dragon.json; sourceTree = "<group>"; };
		B57274142741D2C300CD534F /* rocket.json */ = {isa = PBXFileReference; lastKnownFileType = text.json; path = rocket.json; sourceTree = "<group>"; };
		B572741827452F9000CD534F /* EquipmentDetailViewController.swift */ = {isa = PBXFileReference; lastKnownFileType = sourcecode.swift; path = EquipmentDetailViewController.swift; sourceTree = "<group>"; };
		B572741A27452FB200CD534F /* EquipmentDetailPresenter.swift */ = {isa = PBXFileReference; lastKnownFileType = sourcecode.swift; path = EquipmentDetailPresenter.swift; sourceTree = "<group>"; };
		B58E2C9F27460947002D6D10 /* EquipmentElements.swift */ = {isa = PBXFileReference; lastKnownFileType = sourcecode.swift; path = EquipmentElements.swift; sourceTree = "<group>"; };
		B58E2CA327460A4A002D6D10 /* StageView.swift */ = {isa = PBXFileReference; lastKnownFileType = sourcecode.swift; path = StageView.swift; sourceTree = "<group>"; };
		B58E2CA52746700F002D6D10 /* StageRowWithOneValue.swift */ = {isa = PBXFileReference; lastKnownFileType = sourcecode.swift; path = StageRowWithOneValue.swift; sourceTree = "<group>"; };
		B58F9F4A2728FA53007B8849 /* DateFormatters.swift */ = {isa = PBXFileReference; lastKnownFileType = sourcecode.swift; path = DateFormatters.swift; sourceTree = "<group>"; };
		B5AB5A3127238E520015CEA4 /* PickerCollectionCell.swift */ = {isa = PBXFileReference; lastKnownFileType = sourcecode.swift; path = PickerCollectionCell.swift; sourceTree = "<group>"; };
		B5AB5A34272390800015CEA4 /* Colors.swift */ = {isa = PBXFileReference; lastKnownFileType = sourcecode.swift; path = Colors.swift; sourceTree = "<group>"; };
		B5BF66D7273CAAD90024E2F4 /* Gallery */ = {isa = PBXFileReference; lastKnownFileType = folder; path = Gallery; sourceTree = "<group>"; };
		B5C162252746CFE100CC2B08 /* StageRowWithTwoValues.swift */ = {isa = PBXFileReference; lastKnownFileType = sourcecode.swift; path = StageRowWithTwoValues.swift; sourceTree = "<group>"; };
		B5C1622827470FA100CC2B08 /* StageSelector.swift */ = {isa = PBXFileReference; lastKnownFileType = sourcecode.swift; path = StageSelector.swift; sourceTree = "<group>"; };
		B5C1622A274742C300CC2B08 /* StageProperty.swift */ = {isa = PBXFileReference; lastKnownFileType = sourcecode.swift; path = StageProperty.swift; sourceTree = "<group>"; };
		B5C1622C2747516000CC2B08 /* StageGallery.swift */ = {isa = PBXFileReference; lastKnownFileType = sourcecode.swift; path = StageGallery.swift; sourceTree = "<group>"; };
		B5C1CD95273E0DAD00ED2691 /* LaunchesViewController.swift */ = {isa = PBXFileReference; lastKnownFileType = sourcecode.swift; path = LaunchesViewController.swift; sourceTree = "<group>"; };
		B5C1CD97273E0DB500ED2691 /* LaunchesPresenter.swift */ = {isa = PBXFileReference; lastKnownFileType = sourcecode.swift; path = LaunchesPresenter.swift; sourceTree = "<group>"; };
		B5C1CDC6273EAAF600ED2691 /* Date+Extension.swift */ = {isa = PBXFileReference; lastKnownFileType = sourcecode.swift; path = "Date+Extension.swift"; sourceTree = "<group>"; };
		B5C1CDC9273EE81B00ED2691 /* FutureLaunchCell.swift */ = {isa = PBXFileReference; lastKnownFileType = sourcecode.swift; path = FutureLaunchCell.swift; sourceTree = "<group>"; };
		B5C1CDD22740433C00ED2691 /* LaunchDelegate.swift */ = {isa = PBXFileReference; lastKnownFileType = sourcecode.swift; path = LaunchDelegate.swift; sourceTree = "<group>"; };
		B5C1CDD42740606800ED2691 /* OldLaunchCell.swift */ = {isa = PBXFileReference; lastKnownFileType = sourcecode.swift; path = OldLaunchCell.swift; sourceTree = "<group>"; };
		B5C1CDD927406C7D00ED2691 /* EquipmentsViewController.swift */ = {isa = PBXFileReference; lastKnownFileType = sourcecode.swift; path = EquipmentsViewController.swift; sourceTree = "<group>"; };
		B5C1CDDB27406C8800ED2691 /* EquipmentsPresenter.swift */ = {isa = PBXFileReference; lastKnownFileType = sourcecode.swift; path = EquipmentsPresenter.swift; sourceTree = "<group>"; };
		B5C1CDDD2740835E00ED2691 /* EquipmentCell.swift */ = {isa = PBXFileReference; lastKnownFileType = sourcecode.swift; path = EquipmentCell.swift; sourceTree = "<group>"; };
		B5C1CDE0274084B600ED2691 /* Equipment.swift */ = {isa = PBXFileReference; lastKnownFileType = sourcecode.swift; path = Equipment.swift; sourceTree = "<group>"; };
		B5D360992722FFED00F033DA /* PickerViewController.swift */ = {isa = PBXFileReference; lastKnownFileType = sourcecode.swift; path = PickerViewController.swift; sourceTree = "<group>"; };
		B5D360A72723141500F033DA /* Factory.swift */ = {isa = PBXFileReference; lastKnownFileType = sourcecode.swift; path = Factory.swift; sourceTree = "<group>"; };
		B5FB3B262747E29E008BD440 /* DescriptionRow.swift */ = {isa = PBXFileReference; lastKnownFileType = sourcecode.swift; path = DescriptionRow.swift; sourceTree = "<group>"; };
		B5FB3B2A2747E4F7008BD440 /* ActiveStateView.swift */ = {isa = PBXFileReference; lastKnownFileType = sourcecode.swift; path = ActiveStateView.swift; sourceTree = "<group>"; };
		B5FB3B2C2747E671008BD440 /* EquipmentHeaderRow.swift */ = {isa = PBXFileReference; lastKnownFileType = sourcecode.swift; path = EquipmentHeaderRow.swift; sourceTree = "<group>"; };
		B5FD83522749ECE0005B15BD /* LaunchHeaderView.swift */ = {isa = PBXFileReference; lastKnownFileType = sourcecode.swift; path = LaunchHeaderView.swift; sourceTree = "<group>"; };
		B5FF045C272BA74200C1D103 /* Collection+Extension.swift */ = {isa = PBXFileReference; lastKnownFileType = sourcecode.swift; path = "Collection+Extension.swift"; sourceTree = "<group>"; };
		B5FF045E272BA77800C1D103 /* UIViewController+Extension.swift */ = {isa = PBXFileReference; lastKnownFileType = sourcecode.swift; path = "UIViewController+Extension.swift"; sourceTree = "<group>"; };
/* End PBXFileReference section */

/* Begin PBXFrameworksBuildPhase section */
		B516EB29272A302A007E1F65 /* Frameworks */ = {
			isa = PBXFrameworksBuildPhase;
			buildActionMask = 2147483647;
			files = (
			);
			runOnlyForDeploymentPostprocessing = 0;
		};
		B56B5DE52721C0CB006A5524 /* Frameworks */ = {
			isa = PBXFrameworksBuildPhase;
			buildActionMask = 2147483647;
			files = (
				B516EB32272A302A007E1F65 /* XCSpaceXSDK.framework in Frameworks */,
				B516EB03272A1283007E1F65 /* SpaceSDK in Frameworks */,
				B5BF66D9273CB8290024E2F4 /* Gallery in Frameworks */,
			);
			runOnlyForDeploymentPostprocessing = 0;
		};
/* End PBXFrameworksBuildPhase section */

/* Begin PBXGroup section */
		B516EB01272A1283007E1F65 /* Frameworks */ = {
			isa = PBXGroup;
			children = (
			);
			name = Frameworks;
			sourceTree = "<group>";
		};
		B516EB2D272A302A007E1F65 /* XCSpaceXSDK */ = {
			isa = PBXGroup;
			children = (
				B516EB2E272A302A007E1F65 /* XCSpaceXSDK.h */,
			);
			path = XCSpaceXSDK;
			sourceTree = "<group>";
		};
		B56B5DDF2721C0CB006A5524 = {
			isa = PBXGroup;
			children = (
				B5BF66D7273CAAD90024E2F4 /* Gallery */,
				B516EB00272A1180007E1F65 /* SpaceSDK */,
				B56B5DEA2721C0CB006A5524 /* SpaceX */,
				B516EB2D272A302A007E1F65 /* XCSpaceXSDK */,
				B56B5DE92721C0CB006A5524 /* Products */,
				B516EB01272A1283007E1F65 /* Frameworks */,
			);
			sourceTree = "<group>";
		};
		B56B5DE92721C0CB006A5524 /* Products */ = {
			isa = PBXGroup;
			children = (
				B56B5DE82721C0CB006A5524 /* SpaceX.app */,
				B516EB2C272A302A007E1F65 /* XCSpaceXSDK.framework */,
			);
			name = Products;
			sourceTree = "<group>";
		};
		B56B5DEA2721C0CB006A5524 /* SpaceX */ = {
			isa = PBXGroup;
			children = (
				B56B5E23272205C7006A5524 /* Application */,
				B5FF045B272BA6E300C1D103 /* Extensions */,
				B5C1CDD12740433100ED2691 /* Protocols */,
				B56B5E25272205DA006A5524 /* Screens */,
				B5C1CDC8273EE80D00ED2691 /* UIComponents */,
				B5C1CDDF274084A100ED2691 /* Models */,
				B5AB5A33272390780015CEA4 /* Enums */,
				B56B5E24272205CB006A5524 /* Resources */,
			);
			path = SpaceX;
			sourceTree = "<group>";
		};
		B56B5E23272205C7006A5524 /* Application */ = {
			isa = PBXGroup;
			children = (
				B56B5DEB2721C0CB006A5524 /* AppDelegate.swift */,
				B56B5DED2721C0CC006A5524 /* SceneDelegate.swift */,
				B5D360A72723141500F033DA /* Factory.swift */,
				B56B5DF62721C0D7006A5524 /* LaunchScreen.storyboard */,
			);
			path = Application;
			sourceTree = "<group>";
		};
		B56B5E24272205CB006A5524 /* Resources */ = {
			isa = PBXGroup;
			children = (
				B56B5DF92721C0D7006A5524 /* Info.plist */,
				B56B5DF42721C0D7006A5524 /* Assets.xcassets */,
			);
			path = Resources;
			sourceTree = "<group>";
		};
		B56B5E25272205DA006A5524 /* Screens */ = {
			isa = PBXGroup;
			children = (
				B5C1CDD627406C2700ED2691 /* Equipments */,
				B572741727452F7600CD534F /* EquipmentDetail */,
				B5C1CD94273E0DA000ED2691 /* Launches */,
			);
			path = Screens;
			sourceTree = "<group>";
		};
		B572741727452F7600CD534F /* EquipmentDetail */ = {
			isa = PBXGroup;
			children = (
				B572741827452F9000CD534F /* EquipmentDetailViewController.swift */,
				B572741A27452FB200CD534F /* EquipmentDetailPresenter.swift */,
			);
			path = EquipmentDetail;
			sourceTree = "<group>";
		};
		B5AB5A33272390780015CEA4 /* Enums */ = {
			isa = PBXGroup;
			children = (
				B5AB5A34272390800015CEA4 /* Colors.swift */,
				B58F9F4A2728FA53007B8849 /* DateFormatters.swift */,
				B5201ECE2741A64300C6194E /* EquipmentsType.swift */,
				B57274142741D2C300CD534F /* rocket.json */,
				B57274122741D29E00CD534F /* dragon.json */,
				B58E2C9F27460947002D6D10 /* EquipmentElements.swift */,
				B510153627467FFF008084F5 /* MeasurementUnit.swift */,
				B5C1622A274742C300CC2B08 /* StageProperty.swift */,
			);
			path = Enums;
			sourceTree = "<group>";
		};
		B5C162272746FAF800CC2B08 /* Stage */ = {
			isa = PBXGroup;
			children = (
				B5C1622C2747516000CC2B08 /* StageGallery.swift */,
				B58E2CA327460A4A002D6D10 /* StageView.swift */,
				B5C1622827470FA100CC2B08 /* StageSelector.swift */,
				B58E2CA52746700F002D6D10 /* StageRowWithOneValue.swift */,
				B5C162252746CFE100CC2B08 /* StageRowWithTwoValues.swift */,
				B510153227467F09008084F5 /* ValueView.swift */,
			);
			path = Stage;
			sourceTree = "<group>";
		};
		B5C1CD94273E0DA000ED2691 /* Launches */ = {
			isa = PBXGroup;
			children = (
				B5C1CD95273E0DAD00ED2691 /* LaunchesViewController.swift */,
				B5C1CD97273E0DB500ED2691 /* LaunchesPresenter.swift */,
			);
			path = Launches;
			sourceTree = "<group>";
		};
		B5C1CDC8273EE80D00ED2691 /* UIComponents */ = {
			isa = PBXGroup;
			children = (
				B5C162272746FAF800CC2B08 /* Stage */,
				B5C1CDC9273EE81B00ED2691 /* FutureLaunchCell.swift */,
				B5C1CDD42740606800ED2691 /* OldLaunchCell.swift */,
				B5FD83522749ECE0005B15BD /* LaunchHeaderView.swift */,
				B5C1CDDD2740835E00ED2691 /* EquipmentCell.swift */,
				B5D3609D2723065200F033DA /* PickerContainer */,
				B5FB3B262747E29E008BD440 /* DescriptionRow.swift */,
				B5FB3B2A2747E4F7008BD440 /* ActiveStateView.swift */,
				B5FB3B2C2747E671008BD440 /* EquipmentHeaderRow.swift */,
			);
			path = UIComponents;
			sourceTree = "<group>";
		};
		B5C1CDD12740433100ED2691 /* Protocols */ = {
			isa = PBXGroup;
			children = (
				B5C1CDD22740433C00ED2691 /* LaunchDelegate.swift */,
			);
			path = Protocols;
			sourceTree = "<group>";
		};
		B5C1CDD627406C2700ED2691 /* Equipments */ = {
			isa = PBXGroup;
			children = (
				B5C1CDD927406C7D00ED2691 /* EquipmentsViewController.swift */,
				B5C1CDDB27406C8800ED2691 /* EquipmentsPresenter.swift */,
			);
			path = Equipments;
			sourceTree = "<group>";
		};
		B5C1CDDF274084A100ED2691 /* Models */ = {
			isa = PBXGroup;
			children = (
				B5C1CDE0274084B600ED2691 /* Equipment.swift */,
			);
			path = Models;
			sourceTree = "<group>";
		};
		B5D3609D2723065200F033DA /* PickerContainer */ = {
			isa = PBXGroup;
			children = (
				B5D360992722FFED00F033DA /* PickerViewController.swift */,
				B5AB5A3127238E520015CEA4 /* PickerCollectionCell.swift */,
			);
			path = PickerContainer;
			sourceTree = "<group>";
		};
		B5FF045B272BA6E300C1D103 /* Extensions */ = {
			isa = PBXGroup;
			children = (
				B5FF045C272BA74200C1D103 /* Collection+Extension.swift */,
				B5FF045E272BA77800C1D103 /* UIViewController+Extension.swift */,
				B5C1CDC6273EAAF600ED2691 /* Date+Extension.swift */,
			);
			path = Extensions;
			sourceTree = "<group>";
		};
/* End PBXGroup section */

/* Begin PBXHeadersBuildPhase section */
		B516EB27272A302A007E1F65 /* Headers */ = {
			isa = PBXHeadersBuildPhase;
			buildActionMask = 2147483647;
			files = (
				B516EB2F272A302A007E1F65 /* XCSpaceXSDK.h in Headers */,
			);
			runOnlyForDeploymentPostprocessing = 0;
		};
/* End PBXHeadersBuildPhase section */

/* Begin PBXNativeTarget section */
		B516EB2B272A302A007E1F65 /* XCSpaceXSDK */ = {
			isa = PBXNativeTarget;
			buildConfigurationList = B516EB34272A302A007E1F65 /* Build configuration list for PBXNativeTarget "XCSpaceXSDK" */;
			buildPhases = (
				B516EB27272A302A007E1F65 /* Headers */,
				B516EB28272A302A007E1F65 /* Sources */,
				B516EB29272A302A007E1F65 /* Frameworks */,
				B516EB2A272A302A007E1F65 /* Resources */,
			);
			buildRules = (
			);
			dependencies = (
			);
			name = XCSpaceXSDK;
			productName = XCSpaceXSDK;
			productReference = B516EB2C272A302A007E1F65 /* XCSpaceXSDK.framework */;
			productType = "com.apple.product-type.framework";
		};
		B56B5DE72721C0CB006A5524 /* SpaceX */ = {
			isa = PBXNativeTarget;
			buildConfigurationList = B56B5DFC2721C0D7006A5524 /* Build configuration list for PBXNativeTarget "SpaceX" */;
			buildPhases = (
				B56B5DE42721C0CB006A5524 /* Sources */,
				B56B5DE52721C0CB006A5524 /* Frameworks */,
				B56B5DE62721C0CB006A5524 /* Resources */,
				B516EB23272A2F9F007E1F65 /* Embed Frameworks */,
			);
			buildRules = (
			);
			dependencies = (
				B516EB31272A302A007E1F65 /* PBXTargetDependency */,
			);
			name = SpaceX;
			packageProductDependencies = (
				B516EB02272A1283007E1F65 /* SpaceSDK */,
				B5BF66D8273CB8290024E2F4 /* Gallery */,
			);
			productName = SpaceX;
			productReference = B56B5DE82721C0CB006A5524 /* SpaceX.app */;
			productType = "com.apple.product-type.application";
		};
/* End PBXNativeTarget section */

/* Begin PBXProject section */
		B56B5DE02721C0CB006A5524 /* Project object */ = {
			isa = PBXProject;
			attributes = {
				BuildIndependentTargetsInParallel = 1;
				LastSwiftUpdateCheck = 1300;
				LastUpgradeCheck = 1300;
				TargetAttributes = {
					B516EB2B272A302A007E1F65 = {
						CreatedOnToolsVersion = 13.0;
					};
					B56B5DE72721C0CB006A5524 = {
						CreatedOnToolsVersion = 13.0;
					};
				};
			};
			buildConfigurationList = B56B5DE32721C0CB006A5524 /* Build configuration list for PBXProject "SpaceX" */;
			compatibilityVersion = "Xcode 13.0";
			developmentRegion = en;
			hasScannedForEncodings = 0;
			knownRegions = (
				en,
				Base,
			);
			mainGroup = B56B5DDF2721C0CB006A5524;
			productRefGroup = B56B5DE92721C0CB006A5524 /* Products */;
			projectDirPath = "";
			projectRoot = "";
			targets = (
				B56B5DE72721C0CB006A5524 /* SpaceX */,
				B516EB2B272A302A007E1F65 /* XCSpaceXSDK */,
			);
		};
/* End PBXProject section */

/* Begin PBXResourcesBuildPhase section */
		B516EB2A272A302A007E1F65 /* Resources */ = {
			isa = PBXResourcesBuildPhase;
			buildActionMask = 2147483647;
			files = (
			);
			runOnlyForDeploymentPostprocessing = 0;
		};
		B56B5DE62721C0CB006A5524 /* Resources */ = {
			isa = PBXResourcesBuildPhase;
			buildActionMask = 2147483647;
			files = (
				B57274132741D29E00CD534F /* dragon.json in Resources */,
				B56B5DF82721C0D7006A5524 /* LaunchScreen.storyboard in Resources */,
				B56B5DF52721C0D7006A5524 /* Assets.xcassets in Resources */,
			);
			runOnlyForDeploymentPostprocessing = 0;
		};
/* End PBXResourcesBuildPhase section */

/* Begin PBXSourcesBuildPhase section */
		B516EB28272A302A007E1F65 /* Sources */ = {
			isa = PBXSourcesBuildPhase;
			buildActionMask = 2147483647;
			files = (
			);
			runOnlyForDeploymentPostprocessing = 0;
		};
		B56B5DE42721C0CB006A5524 /* Sources */ = {
			isa = PBXSourcesBuildPhase;
			buildActionMask = 2147483647;
			files = (
				B5C1CDD32740433C00ED2691 /* LaunchDelegate.swift in Sources */,
				B58E2CA427460A4A002D6D10 /* StageView.swift in Sources */,
				B5FD83532749ECE0005B15BD /* LaunchHeaderView.swift in Sources */,
				B5C1CDDC27406C8800ED2691 /* EquipmentsPresenter.swift in Sources */,
				B510153727467FFF008084F5 /* MeasurementUnit.swift in Sources */,
				B5C1622D2747516000CC2B08 /* StageGallery.swift in Sources */,
				B5D3609A2722FFED00F033DA /* PickerViewController.swift in Sources */,
				B5C1CD96273E0DAD00ED2691 /* LaunchesViewController.swift in Sources */,
				B5201ECF2741A64300C6194E /* EquipmentsType.swift in Sources */,
				B5FB3B2D2747E671008BD440 /* EquipmentHeaderRow.swift in Sources */,
				B5C1622B274742C300CC2B08 /* StageProperty.swift in Sources */,
				B5FF045F272BA77800C1D103 /* UIViewController+Extension.swift in Sources */,
				B5C1CDE1274084B600ED2691 /* Equipment.swift in Sources */,
				B5FB3B272747E29E008BD440 /* DescriptionRow.swift in Sources */,
				B5C1CDD52740606800ED2691 /* OldLaunchCell.swift in Sources */,
				B5AB5A35272390800015CEA4 /* Colors.swift in Sources */,
				B5AB5A3227238E520015CEA4 /* PickerCollectionCell.swift in Sources */,
				B5C1622927470FA100CC2B08 /* StageSelector.swift in Sources */,
				B58F9F4B2728FA53007B8849 /* DateFormatters.swift in Sources */,
				B5D360A82723141500F033DA /* Factory.swift in Sources */,
				B5C1CDCA273EE81B00ED2691 /* FutureLaunchCell.swift in Sources */,
				B5FB3B2B2747E4F7008BD440 /* ActiveStateView.swift in Sources */,
				B5C162262746CFE100CC2B08 /* StageRowWithTwoValues.swift in Sources */,
				B56B5DEC2721C0CB006A5524 /* AppDelegate.swift in Sources */,
				B5C1CDDE2740835E00ED2691 /* EquipmentCell.swift in Sources */,
				B510153327467F09008084F5 /* ValueView.swift in Sources */,
				B56B5DEE2721C0CC006A5524 /* SceneDelegate.swift in Sources */,
				B58E2CA027460947002D6D10 /* EquipmentElements.swift in Sources */,
				B5C1CDC7273EAAF600ED2691 /* Date+Extension.swift in Sources */,
				B5C1CD98273E0DB500ED2691 /* LaunchesPresenter.swift in Sources */,
				B572741B27452FB200CD534F /* EquipmentDetailPresenter.swift in Sources */,
				B5FF045D272BA74200C1D103 /* Collection+Extension.swift in Sources */,
				B572741927452F9000CD534F /* EquipmentDetailViewController.swift in Sources */,
				B5C1CDDA27406C7D00ED2691 /* EquipmentsViewController.swift in Sources */,
				B58E2CA62746700F002D6D10 /* StageRowWithOneValue.swift in Sources */,
			);
			runOnlyForDeploymentPostprocessing = 0;
		};
/* End PBXSourcesBuildPhase section */

/* Begin PBXTargetDependency section */
		B516EB31272A302A007E1F65 /* PBXTargetDependency */ = {
			isa = PBXTargetDependency;
			target = B516EB2B272A302A007E1F65 /* XCSpaceXSDK */;
			targetProxy = B516EB30272A302A007E1F65 /* PBXContainerItemProxy */;
		};
/* End PBXTargetDependency section */

/* Begin PBXVariantGroup section */
		B56B5DF62721C0D7006A5524 /* LaunchScreen.storyboard */ = {
			isa = PBXVariantGroup;
			children = (
				B56B5DF72721C0D7006A5524 /* Base */,
			);
			name = LaunchScreen.storyboard;
			sourceTree = "<group>";
		};
/* End PBXVariantGroup section */

/* Begin XCBuildConfiguration section */
		B516EB35272A302A007E1F65 /* Debug */ = {
			isa = XCBuildConfiguration;
			buildSettings = {
				CODE_SIGN_STYLE = Automatic;
				CURRENT_PROJECT_VERSION = 1;
				DEFINES_MODULE = YES;
				DEVELOPMENT_TEAM = JSV24Z5UNP;
				DYLIB_COMPATIBILITY_VERSION = 1;
				DYLIB_CURRENT_VERSION = 1;
				DYLIB_INSTALL_NAME_BASE = "@rpath";
				GENERATE_INFOPLIST_FILE = YES;
				INFOPLIST_KEY_NSHumanReadableCopyright = "";
				INSTALL_PATH = "$(LOCAL_LIBRARY_DIR)/Frameworks";
				IPHONEOS_DEPLOYMENT_TARGET = 12.0;
				LD_RUNPATH_SEARCH_PATHS = (
					"$(inherited)",
					"@executable_path/Frameworks",
					"@loader_path/Frameworks",
				);
				MARKETING_VERSION = 1.0;
				PRODUCT_BUNDLE_IDENTIFIER = mzh.XCSpaceXSDK;
				PRODUCT_NAME = "$(TARGET_NAME:c99extidentifier)";
				SKIP_INSTALL = YES;
				SUPPORTS_MACCATALYST = NO;
				SWIFT_EMIT_LOC_STRINGS = YES;
				SWIFT_VERSION = 5.0;
				TARGETED_DEVICE_FAMILY = "1,2";
				VERSIONING_SYSTEM = "apple-generic";
				VERSION_INFO_PREFIX = "";
			};
			name = Debug;
		};
		B516EB36272A302A007E1F65 /* Release */ = {
			isa = XCBuildConfiguration;
			buildSettings = {
				CODE_SIGN_STYLE = Automatic;
				CURRENT_PROJECT_VERSION = 1;
				DEFINES_MODULE = YES;
				DEVELOPMENT_TEAM = JSV24Z5UNP;
				DYLIB_COMPATIBILITY_VERSION = 1;
				DYLIB_CURRENT_VERSION = 1;
				DYLIB_INSTALL_NAME_BASE = "@rpath";
				GENERATE_INFOPLIST_FILE = YES;
				INFOPLIST_KEY_NSHumanReadableCopyright = "";
				INSTALL_PATH = "$(LOCAL_LIBRARY_DIR)/Frameworks";
				IPHONEOS_DEPLOYMENT_TARGET = 12.0;
				LD_RUNPATH_SEARCH_PATHS = (
					"$(inherited)",
					"@executable_path/Frameworks",
					"@loader_path/Frameworks",
				);
				MARKETING_VERSION = 1.0;
				PRODUCT_BUNDLE_IDENTIFIER = mzh.XCSpaceXSDK;
				PRODUCT_NAME = "$(TARGET_NAME:c99extidentifier)";
				SKIP_INSTALL = YES;
				SUPPORTS_MACCATALYST = NO;
				SWIFT_EMIT_LOC_STRINGS = YES;
				SWIFT_VERSION = 5.0;
				TARGETED_DEVICE_FAMILY = "1,2";
				VERSIONING_SYSTEM = "apple-generic";
				VERSION_INFO_PREFIX = "";
			};
			name = Release;
		};
		B56B5DFA2721C0D7006A5524 /* Debug */ = {
			isa = XCBuildConfiguration;
			buildSettings = {
				ALWAYS_SEARCH_USER_PATHS = NO;
				CLANG_ANALYZER_NONNULL = YES;
				CLANG_ANALYZER_NUMBER_OBJECT_CONVERSION = YES_AGGRESSIVE;
				CLANG_CXX_LANGUAGE_STANDARD = "gnu++17";
				CLANG_CXX_LIBRARY = "libc++";
				CLANG_ENABLE_MODULES = YES;
				CLANG_ENABLE_OBJC_ARC = YES;
				CLANG_ENABLE_OBJC_WEAK = YES;
				CLANG_WARN_BLOCK_CAPTURE_AUTORELEASING = YES;
				CLANG_WARN_BOOL_CONVERSION = YES;
				CLANG_WARN_COMMA = YES;
				CLANG_WARN_CONSTANT_CONVERSION = YES;
				CLANG_WARN_DEPRECATED_OBJC_IMPLEMENTATIONS = YES;
				CLANG_WARN_DIRECT_OBJC_ISA_USAGE = YES_ERROR;
				CLANG_WARN_DOCUMENTATION_COMMENTS = YES;
				CLANG_WARN_EMPTY_BODY = YES;
				CLANG_WARN_ENUM_CONVERSION = YES;
				CLANG_WARN_INFINITE_RECURSION = YES;
				CLANG_WARN_INT_CONVERSION = YES;
				CLANG_WARN_NON_LITERAL_NULL_CONVERSION = YES;
				CLANG_WARN_OBJC_IMPLICIT_RETAIN_SELF = YES;
				CLANG_WARN_OBJC_LITERAL_CONVERSION = YES;
				CLANG_WARN_OBJC_ROOT_CLASS = YES_ERROR;
				CLANG_WARN_QUOTED_INCLUDE_IN_FRAMEWORK_HEADER = YES;
				CLANG_WARN_RANGE_LOOP_ANALYSIS = YES;
				CLANG_WARN_STRICT_PROTOTYPES = YES;
				CLANG_WARN_SUSPICIOUS_MOVE = YES;
				CLANG_WARN_UNGUARDED_AVAILABILITY = YES_AGGRESSIVE;
				CLANG_WARN_UNREACHABLE_CODE = YES;
				CLANG_WARN__DUPLICATE_METHOD_MATCH = YES;
				COPY_PHASE_STRIP = NO;
				DEBUG_INFORMATION_FORMAT = dwarf;
				ENABLE_STRICT_OBJC_MSGSEND = YES;
				ENABLE_TESTABILITY = YES;
				GCC_C_LANGUAGE_STANDARD = gnu11;
				GCC_DYNAMIC_NO_PIC = NO;
				GCC_NO_COMMON_BLOCKS = YES;
				GCC_OPTIMIZATION_LEVEL = 0;
				GCC_PREPROCESSOR_DEFINITIONS = (
					"DEBUG=1",
					"$(inherited)",
				);
				GCC_WARN_64_TO_32_BIT_CONVERSION = YES;
				GCC_WARN_ABOUT_RETURN_TYPE = YES_ERROR;
				GCC_WARN_UNDECLARED_SELECTOR = YES;
				GCC_WARN_UNINITIALIZED_AUTOS = YES_AGGRESSIVE;
				GCC_WARN_UNUSED_FUNCTION = YES;
				GCC_WARN_UNUSED_VARIABLE = YES;
				IPHONEOS_DEPLOYMENT_TARGET = 12.0;
				MTL_ENABLE_DEBUG_INFO = INCLUDE_SOURCE;
				MTL_FAST_MATH = YES;
				ONLY_ACTIVE_ARCH = YES;
				SDKROOT = iphoneos;
				SWIFT_ACTIVE_COMPILATION_CONDITIONS = DEBUG;
				SWIFT_OPTIMIZATION_LEVEL = "-Onone";
			};
			name = Debug;
		};
		B56B5DFB2721C0D7006A5524 /* Release */ = {
			isa = XCBuildConfiguration;
			buildSettings = {
				ALWAYS_SEARCH_USER_PATHS = NO;
				CLANG_ANALYZER_NONNULL = YES;
				CLANG_ANALYZER_NUMBER_OBJECT_CONVERSION = YES_AGGRESSIVE;
				CLANG_CXX_LANGUAGE_STANDARD = "gnu++17";
				CLANG_CXX_LIBRARY = "libc++";
				CLANG_ENABLE_MODULES = YES;
				CLANG_ENABLE_OBJC_ARC = YES;
				CLANG_ENABLE_OBJC_WEAK = YES;
				CLANG_WARN_BLOCK_CAPTURE_AUTORELEASING = YES;
				CLANG_WARN_BOOL_CONVERSION = YES;
				CLANG_WARN_COMMA = YES;
				CLANG_WARN_CONSTANT_CONVERSION = YES;
				CLANG_WARN_DEPRECATED_OBJC_IMPLEMENTATIONS = YES;
				CLANG_WARN_DIRECT_OBJC_ISA_USAGE = YES_ERROR;
				CLANG_WARN_DOCUMENTATION_COMMENTS = YES;
				CLANG_WARN_EMPTY_BODY = YES;
				CLANG_WARN_ENUM_CONVERSION = YES;
				CLANG_WARN_INFINITE_RECURSION = YES;
				CLANG_WARN_INT_CONVERSION = YES;
				CLANG_WARN_NON_LITERAL_NULL_CONVERSION = YES;
				CLANG_WARN_OBJC_IMPLICIT_RETAIN_SELF = YES;
				CLANG_WARN_OBJC_LITERAL_CONVERSION = YES;
				CLANG_WARN_OBJC_ROOT_CLASS = YES_ERROR;
				CLANG_WARN_QUOTED_INCLUDE_IN_FRAMEWORK_HEADER = YES;
				CLANG_WARN_RANGE_LOOP_ANALYSIS = YES;
				CLANG_WARN_STRICT_PROTOTYPES = YES;
				CLANG_WARN_SUSPICIOUS_MOVE = YES;
				CLANG_WARN_UNGUARDED_AVAILABILITY = YES_AGGRESSIVE;
				CLANG_WARN_UNREACHABLE_CODE = YES;
				CLANG_WARN__DUPLICATE_METHOD_MATCH = YES;
				COPY_PHASE_STRIP = NO;
				DEBUG_INFORMATION_FORMAT = "dwarf-with-dsym";
				ENABLE_NS_ASSERTIONS = NO;
				ENABLE_STRICT_OBJC_MSGSEND = YES;
				GCC_C_LANGUAGE_STANDARD = gnu11;
				GCC_NO_COMMON_BLOCKS = YES;
				GCC_WARN_64_TO_32_BIT_CONVERSION = YES;
				GCC_WARN_ABOUT_RETURN_TYPE = YES_ERROR;
				GCC_WARN_UNDECLARED_SELECTOR = YES;
				GCC_WARN_UNINITIALIZED_AUTOS = YES_AGGRESSIVE;
				GCC_WARN_UNUSED_FUNCTION = YES;
				GCC_WARN_UNUSED_VARIABLE = YES;
				IPHONEOS_DEPLOYMENT_TARGET = 12.0;
				MTL_ENABLE_DEBUG_INFO = NO;
				MTL_FAST_MATH = YES;
				SDKROOT = iphoneos;
				SWIFT_COMPILATION_MODE = wholemodule;
				SWIFT_OPTIMIZATION_LEVEL = "-O";
				VALIDATE_PRODUCT = YES;
			};
			name = Release;
		};
		B56B5DFD2721C0D7006A5524 /* Debug */ = {
			isa = XCBuildConfiguration;
			buildSettings = {
				ASSETCATALOG_COMPILER_APPICON_NAME = AppIcon;
				ASSETCATALOG_COMPILER_GLOBAL_ACCENT_COLOR_NAME = AccentColor;
				CODE_SIGN_STYLE = Automatic;
				CURRENT_PROJECT_VERSION = 1;
				DEVELOPMENT_TEAM = JSV24Z5UNP;
				GENERATE_INFOPLIST_FILE = YES;
				INFOPLIST_FILE = SpaceX/Resources/Info.plist;
				INFOPLIST_KEY_UIApplicationSupportsIndirectInputEvents = YES;
				INFOPLIST_KEY_UILaunchStoryboardName = LaunchScreen;
				INFOPLIST_KEY_UISupportedInterfaceOrientations_iPad = "UIInterfaceOrientationPortrait UIInterfaceOrientationPortraitUpsideDown UIInterfaceOrientationLandscapeLeft UIInterfaceOrientationLandscapeRight";
				INFOPLIST_KEY_UISupportedInterfaceOrientations_iPhone = "UIInterfaceOrientationPortrait UIInterfaceOrientationLandscapeLeft UIInterfaceOrientationLandscapeRight";
				LD_RUNPATH_SEARCH_PATHS = (
					"$(inherited)",
					"@executable_path/Frameworks",
				);
				MARKETING_VERSION = 1.0;
				PRODUCT_BUNDLE_IDENTIFIER = "mzh.objc-example";
				PRODUCT_NAME = "$(TARGET_NAME)";
				SWIFT_EMIT_LOC_STRINGS = YES;
				SWIFT_VERSION = 5.0;
				TARGETED_DEVICE_FAMILY = "1,2";
			};
			name = Debug;
		};
		B56B5DFE2721C0D7006A5524 /* Release */ = {
			isa = XCBuildConfiguration;
			buildSettings = {
				ASSETCATALOG_COMPILER_APPICON_NAME = AppIcon;
				ASSETCATALOG_COMPILER_GLOBAL_ACCENT_COLOR_NAME = AccentColor;
				CODE_SIGN_STYLE = Automatic;
				CURRENT_PROJECT_VERSION = 1;
				DEVELOPMENT_TEAM = JSV24Z5UNP;
				GENERATE_INFOPLIST_FILE = YES;
				INFOPLIST_FILE = SpaceX/Resources/Info.plist;
				INFOPLIST_KEY_UIApplicationSupportsIndirectInputEvents = YES;
				INFOPLIST_KEY_UILaunchStoryboardName = LaunchScreen;
				INFOPLIST_KEY_UISupportedInterfaceOrientations_iPad = "UIInterfaceOrientationPortrait UIInterfaceOrientationPortraitUpsideDown UIInterfaceOrientationLandscapeLeft UIInterfaceOrientationLandscapeRight";
				INFOPLIST_KEY_UISupportedInterfaceOrientations_iPhone = "UIInterfaceOrientationPortrait UIInterfaceOrientationLandscapeLeft UIInterfaceOrientationLandscapeRight";
				LD_RUNPATH_SEARCH_PATHS = (
					"$(inherited)",
					"@executable_path/Frameworks",
				);
				MARKETING_VERSION = 1.0;
				PRODUCT_BUNDLE_IDENTIFIER = "mzh.objc-example";
				PRODUCT_NAME = "$(TARGET_NAME)";
				SWIFT_EMIT_LOC_STRINGS = YES;
				SWIFT_VERSION = 5.0;
				TARGETED_DEVICE_FAMILY = "1,2";
			};
			name = Release;
		};
/* End XCBuildConfiguration section */

/* Begin XCConfigurationList section */
		B516EB34272A302A007E1F65 /* Build configuration list for PBXNativeTarget "XCSpaceXSDK" */ = {
			isa = XCConfigurationList;
			buildConfigurations = (
				B516EB35272A302A007E1F65 /* Debug */,
				B516EB36272A302A007E1F65 /* Release */,
			);
			defaultConfigurationIsVisible = 0;
			defaultConfigurationName = Release;
		};
		B56B5DE32721C0CB006A5524 /* Build configuration list for PBXProject "SpaceX" */ = {
			isa = XCConfigurationList;
			buildConfigurations = (
				B56B5DFA2721C0D7006A5524 /* Debug */,
				B56B5DFB2721C0D7006A5524 /* Release */,
			);
			defaultConfigurationIsVisible = 0;
			defaultConfigurationName = Release;
		};
		B56B5DFC2721C0D7006A5524 /* Build configuration list for PBXNativeTarget "SpaceX" */ = {
			isa = XCConfigurationList;
			buildConfigurations = (
				B56B5DFD2721C0D7006A5524 /* Debug */,
				B56B5DFE2721C0D7006A5524 /* Release */,
			);
			defaultConfigurationIsVisible = 0;
			defaultConfigurationName = Release;
		};
/* End XCConfigurationList section */

/* Begin XCSwiftPackageProductDependency section */
		B516EB02272A1283007E1F65 /* SpaceSDK */ = {
			isa = XCSwiftPackageProductDependency;
			productName = SpaceSDK;
		};
		B5BF66D8273CB8290024E2F4 /* Gallery */ = {
			isa = XCSwiftPackageProductDependency;
			productName = Gallery;
		};
/* End XCSwiftPackageProductDependency section */
	};
	rootObject = B56B5DE02721C0CB006A5524 /* Project object */;
}
